
Microsoft Visual Studio Solution File, Format Version 12.00
# Visual Studio Version 16
VisualStudioVersion = 16.0.31729.503
MinimumVisualStudioVersion = 10.0.40219.1
Project("{FAE04EC0-301F-11D3-BF4B-00C04F79EFBC}") = "BasicAuthOnAPI", "BasicAuthOnAPI\BasicAuthOnAPI.csproj", "{0A85C77B-E284-4C6C-A055-77930D761430}"
EndProject
Global
	GlobalSection(SolutionConfigurationPlatforms) = preSolution
		Debug|Any CPU = Debug|Any CPU
		Release|Any CPU = Release|Any CPU
	EndGlobalSection
	GlobalSection(ProjectConfigurationPlatforms) = postSolution
		{0A85C77B-E284-4C6C-A055-77930D761430}.Debug|Any CPU.ActiveCfg = Debug|Any CPU
		{0A85C77B-E284-4C6C-A055-77930D761430}.Debug|Any CPU.Build.0 = Debug|Any CPU
		{0A85C77B-E284-4C6C-A055-77930D761430}.Release|Any CPU.ActiveCfg = Release|Any CPU
		{0A85C77B-E284-4C6C-A055-77930D761430}.Release|Any CPU.Build.0 = Release|Any CPU
	EndGlobalSection
	GlobalSection(SolutionProperties) = preSolution
		HideSolutionNode = FALSE
	EndGlobalSection
	GlobalSection(ExtensibilityGlobals) = postSolution
		SolutionGuid = {52FA3E4A-58A4-47F2-A9BF-1B3E79292F1C}
	EndGlobalSection
EndGlobal
